
Microsoft Visual Studio Solution File, Format Version 12.00
# Visual Studio 2012
Project("{F2A71F9B-5D33-465A-A702-920D77279786}") = "Nappy", "Nappy\Nappy.fsproj", "{A6737080-1F60-47F9-9186-7F543099F692}"
EndProject
Project("{F2A71F9B-5D33-465A-A702-920D77279786}") = "NappyDemo", "NappyDemo\NappyDemo.fsproj", "{11EF0161-C58F-42C7-8A38-C55D56BA2672}"
EndProject
Global
	GlobalSection(SolutionConfigurationPlatforms) = preSolution
		Debug|Any CPU = Debug|Any CPU
		Release|Any CPU = Release|Any CPU
	EndGlobalSection
	GlobalSection(ProjectConfigurationPlatforms) = postSolution
		{A6737080-1F60-47F9-9186-7F543099F692}.Debug|Any CPU.ActiveCfg = Debug|Any CPU
		{A6737080-1F60-47F9-9186-7F543099F692}.Debug|Any CPU.Build.0 = Debug|Any CPU
		{A6737080-1F60-47F9-9186-7F543099F692}.Release|Any CPU.ActiveCfg = Release|Any CPU
		{A6737080-1F60-47F9-9186-7F543099F692}.Release|Any CPU.Build.0 = Release|Any CPU
		{11EF0161-C58F-42C7-8A38-C55D56BA2672}.Debug|Any CPU.ActiveCfg = Debug|Any CPU
		{11EF0161-C58F-42C7-8A38-C55D56BA2672}.Debug|Any CPU.Build.0 = Debug|Any CPU
		{11EF0161-C58F-42C7-8A38-C55D56BA2672}.Release|Any CPU.ActiveCfg = Release|Any CPU
		{11EF0161-C58F-42C7-8A38-C55D56BA2672}.Release|Any CPU.Build.0 = Release|Any CPU
	EndGlobalSection
	GlobalSection(SolutionProperties) = preSolution
		HideSolutionNode = FALSE
	EndGlobalSection
EndGlobal
